
Microsoft Visual Studio Solution File, Format Version 12.00
# Visual Studio Version 16
VisualStudioVersion = 16.0.30104.148
MinimumVisualStudioVersion = 10.0.40219.1
Project("{FAE04EC0-301F-11D3-BF4B-00C04F79EFBC}") = "RLE", "RLE\RLE.csproj", "{0B95C17B-790F-4138-B800-84D48A77343B}"
EndProject
Global
	GlobalSection(SolutionConfigurationPlatforms) = preSolution
		Debug|Any CPU = Debug|Any CPU
		Release|Any CPU = Release|Any CPU
	EndGlobalSection
	GlobalSection(ProjectConfigurationPlatforms) = postSolution
		{0B95C17B-790F-4138-B800-84D48A77343B}.Debug|Any CPU.ActiveCfg = Debug|Any CPU
		{0B95C17B-790F-4138-B800-84D48A77343B}.Debug|Any CPU.Build.0 = Debug|Any CPU
		{0B95C17B-790F-4138-B800-84D48A77343B}.Release|Any CPU.ActiveCfg = Release|Any CPU
		{0B95C17B-790F-4138-B800-84D48A77343B}.Release|Any CPU.Build.0 = Release|Any CPU
	EndGlobalSection
	GlobalSection(SolutionProperties) = preSolution
		HideSolutionNode = FALSE
	EndGlobalSection
	GlobalSection(ExtensibilityGlobals) = postSolution
		SolutionGuid = {F97F61E8-798E-4642-A60E-86E25D5A2F2C}
	EndGlobalSection
EndGlobal
